
Microsoft Visual Studio Solution File, Format Version 12.00
# Visual Studio 15
VisualStudioVersion = 15.0.28307.572
MinimumVisualStudioVersion = 10.0.40219.1
Project("{FAE04EC0-301F-11D3-BF4B-00C04F79EFBC}") = "Blog.WebUI", "Blog.WebUI\Blog.WebUI.csproj", "{6800827C-3C59-4818-BB3D-B4FDB1ED3E65}"
EndProject
Project("{FAE04EC0-301F-11D3-BF4B-00C04F79EFBC}") = "Blog.Domain", "Blog.Domain\Blog.Domain.csproj", "{21ADB32F-876B-40A0-A445-CB3922AD6B8A}"
EndProject
Global
	GlobalSection(SolutionConfigurationPlatforms) = preSolution
		Debug|Any CPU = Debug|Any CPU
		Release|Any CPU = Release|Any CPU
	EndGlobalSection
	GlobalSection(ProjectConfigurationPlatforms) = postSolution
		{6800827C-3C59-4818-BB3D-B4FDB1ED3E65}.Debug|Any CPU.ActiveCfg = Debug|Any CPU
		{6800827C-3C59-4818-BB3D-B4FDB1ED3E65}.Debug|Any CPU.Build.0 = Debug|Any CPU
		{6800827C-3C59-4818-BB3D-B4FDB1ED3E65}.Release|Any CPU.ActiveCfg = Release|Any CPU
		{6800827C-3C59-4818-BB3D-B4FDB1ED3E65}.Release|Any CPU.Build.0 = Release|Any CPU
		{21ADB32F-876B-40A0-A445-CB3922AD6B8A}.Debug|Any CPU.ActiveCfg = Debug|Any CPU
		{21ADB32F-876B-40A0-A445-CB3922AD6B8A}.Debug|Any CPU.Build.0 = Debug|Any CPU
		{21ADB32F-876B-40A0-A445-CB3922AD6B8A}.Release|Any CPU.ActiveCfg = Release|Any CPU
		{21ADB32F-876B-40A0-A445-CB3922AD6B8A}.Release|Any CPU.Build.0 = Release|Any CPU
	EndGlobalSection
	GlobalSection(SolutionProperties) = preSolution
		HideSolutionNode = FALSE
	EndGlobalSection
	GlobalSection(ExtensibilityGlobals) = postSolution
		SolutionGuid = {E8E9D512-39BC-41A5-8EB0-0D7FA965D631}
	EndGlobalSection
EndGlobal
